
Microsoft Visual Studio Solution File, Format Version 12.00
# Visual Studio 2017
Project("{FAE04EC0-301F-11D3-BF4B-00C04F79EFBC}") = "SE320 Project.Plugins", "SE320 Project.Plugins.csproj", "{D0189A0F-D436-C7B8-07DC-3A3AD1207F30}"
EndProject
Project("{FAE04EC0-301F-11D3-BF4B-00C04F79EFBC}") = "SE320 Project", "SE320 Project.csproj", "{29E80178-6269-59D9-AAC5-B9394CE3B140}"
EndProject
Project("{FAE04EC0-301F-11D3-BF4B-00C04F79EFBC}") = "SE320 Project.Editor.Plugins", "SE320 Project.Editor.Plugins.csproj", "{0F5A83D0-4537-FBA4-A06A-A6CC795E9E24}"
EndProject
Global
	GlobalSection(SolutionConfigurationPlatforms) = preSolution
		Debug|Any CPU = Debug|Any CPU
		Release|Any CPU = Release|Any CPU
	EndGlobalSection
	GlobalSection(ProjectConfigurationPlatforms) = postSolution
		{D0189A0F-D436-C7B8-07DC-3A3AD1207F30}.Debug|Any CPU.ActiveCfg = Debug|Any CPU
		{D0189A0F-D436-C7B8-07DC-3A3AD1207F30}.Debug|Any CPU.Build.0 = Debug|Any CPU
		{D0189A0F-D436-C7B8-07DC-3A3AD1207F30}.Release|Any CPU.ActiveCfg = Release|Any CPU
		{D0189A0F-D436-C7B8-07DC-3A3AD1207F30}.Release|Any CPU.Build.0 = Release|Any CPU
		{29E80178-6269-59D9-AAC5-B9394CE3B140}.Debug|Any CPU.ActiveCfg = Debug|Any CPU
		{29E80178-6269-59D9-AAC5-B9394CE3B140}.Debug|Any CPU.Build.0 = Debug|Any CPU
		{29E80178-6269-59D9-AAC5-B9394CE3B140}.Release|Any CPU.ActiveCfg = Release|Any CPU
		{29E80178-6269-59D9-AAC5-B9394CE3B140}.Release|Any CPU.Build.0 = Release|Any CPU
		{0F5A83D0-4537-FBA4-A06A-A6CC795E9E24}.Debug|Any CPU.ActiveCfg = Debug|Any CPU
		{0F5A83D0-4537-FBA4-A06A-A6CC795E9E24}.Debug|Any CPU.Build.0 = Debug|Any CPU
		{0F5A83D0-4537-FBA4-A06A-A6CC795E9E24}.Release|Any CPU.ActiveCfg = Release|Any CPU
		{0F5A83D0-4537-FBA4-A06A-A6CC795E9E24}.Release|Any CPU.Build.0 = Release|Any CPU
	EndGlobalSection
	GlobalSection(SolutionProperties) = preSolution
		HideSolutionNode = FALSE
	EndGlobalSection
EndGlobal
